// !$*UTF8*$!
{
	archiveVersion = 1;
	classes = {
	};
	objectVersion = 56;
	objects = {

/* Begin PBXBuildFile section */
		440BACCB2BDBFC2100B7E517 /* LegacyLensLiteApp.swift in Sources */ = {isa = PBXBuildFile; fileRef = 440BACCA2BDBFC2100B7E517 /* LegacyLensLiteApp.swift */; };
		440BACCD2BDBFC2100B7E517 /* ContentView.swift in Sources */ = {isa = PBXBuildFile; fileRef = 440BACCC2BDBFC2100B7E517 /* ContentView.swift */; };
		440BACCF2BDBFC2200B7E517 /* Assets.xcassets in Resources */ = {isa = PBXBuildFile; fileRef = 440BACCE2BDBFC2200B7E517 /* Assets.xcassets */; };
		440BACD22BDBFC2200B7E517 /* Preview Assets.xcassets in Resources */ = {isa = PBXBuildFile; fileRef = 440BACD12BDBFC2200B7E517 /* Preview Assets.xcassets */; };
		440BACDA2BDBFC9A00B7E517 /* ARKit.framework in Frameworks */ = {isa = PBXBuildFile; fileRef = 440BACD92BDBFC9A00B7E517 /* ARKit.framework */; };
		440BACDD2BDBFE5B00B7E517 /* ARViewContainer.swift in Sources */ = {isa = PBXBuildFile; fileRef = 440BACDC2BDBFE5B00B7E517 /* ARViewContainer.swift */; };
		440BACE32BDC010800B7E517 /* Bananas_for_scale_in_Augmented_Reality.usdz in Resources */ = {isa = PBXBuildFile; fileRef = 440BACE22BDC010800B7E517 /* Bananas_for_scale_in_Augmented_Reality.usdz */; };
		440BACE52BDE712500B7E517 /* SceneMyModel.usdz in Resources */ = {isa = PBXBuildFile; fileRef = 440BACE42BDE712500B7E517 /* SceneMyModel.usdz */; };
/* End PBXBuildFile section */

/* Begin PBXFileReference section */
		440BACC72BDBFC2100B7E517 /* LegacyLensLite.app */ = {isa = PBXFileReference; explicitFileType = wrapper.application; includeInIndex = 0; path = LegacyLensLite.app; sourceTree = BUILT_PRODUCTS_DIR; };
		440BACCA2BDBFC2100B7E517 /* LegacyLensLiteApp.swift */ = {isa = PBXFileReference; lastKnownFileType = sourcecode.swift; path = LegacyLensLiteApp.swift; sourceTree = "<group>"; };
		440BACCC2BDBFC2100B7E517 /* ContentView.swift */ = {isa = PBXFileReference; lastKnownFileType = sourcecode.swift; path = ContentView.swift; sourceTree = "<group>"; };
		440BACCE2BDBFC2200B7E517 /* Assets.xcassets */ = {isa = PBXFileReference; lastKnownFileType = folder.assetcatalog; path = Assets.xcassets; sourceTree = "<group>"; };
		440BACD12BDBFC2200B7E517 /* Preview Assets.xcassets */ = {isa = PBXFileReference; lastKnownFileType = folder.assetcatalog; path = "Preview Assets.xcassets"; sourceTree = "<group>"; };
		440BACD92BDBFC9A00B7E517 /* ARKit.framework */ = {isa = PBXFileReference; lastKnownFileType = wrapper.framework; name = ARKit.framework; path = System/Library/Frameworks/ARKit.framework; sourceTree = SDKROOT; };
		440BACDB2BDBFDD800B7E517 /* Info.plist */ = {isa = PBXFileReference; lastKnownFileType = text.plist; path = Info.plist; sourceTree = "<group>"; };
		440BACDC2BDBFE5B00B7E517 /* ARViewContainer.swift */ = {isa = PBXFileReference; lastKnownFileType = sourcecode.swift; path = ARViewContainer.swift; sourceTree = "<group>"; };
		440BACE22BDC010800B7E517 /* Bananas_for_scale_in_Augmented_Reality.usdz */ = {isa = PBXFileReference; lastKnownFileType = file.usdz; name = Bananas_for_scale_in_Augmented_Reality.usdz; path = ../../../Downloads/Bananas_for_scale_in_Augmented_Reality.usdz; sourceTree = "<group>"; };
		440BACE42BDE712500B7E517 /* SceneMyModel.usdz */ = {isa = PBXFileReference; lastKnownFileType = file.usdz; name = SceneMyModel.usdz; path = ../../../Downloads/SceneMyModel.usdz; sourceTree = "<group>"; };
		448826312BDF427C00B57739 /* sampleVideo.mp4 */ = {isa = PBXFileReference; lastKnownFileType = file; name = sampleVideo.mp4; path = ../../../Downloads/TestAR/TestAR/sampleVideo.mp4; sourceTree = "<group>"; };
/* End PBXFileReference section */

/* Begin PBXFrameworksBuildPhase section */
		440BACC42BDBFC2100B7E517 /* Frameworks */ = {
			isa = PBXFrameworksBuildPhase;
			buildActionMask = 2147483647;
			files = (
				440BACDA2BDBFC9A00B7E517 /* ARKit.framework in Frameworks */,
			);
			runOnlyForDeploymentPostprocessing = 0;
		};
/* End PBXFrameworksBuildPhase section */

/* Begin PBXGroup section */
		440BACBE2BDBFC2100B7E517 = {
			isa = PBXGroup;
			children = (
				440BACC92BDBFC2100B7E517 /* LegacyLensLite */,
				440BACC82BDBFC2100B7E517 /* Products */,
				440BACD82BDBFC9A00B7E517 /* Frameworks */,
			);
			sourceTree = "<group>";
		};
		440BACC82BDBFC2100B7E517 /* Products */ = {
			isa = PBXGroup;
			children = (
				440BACC72BDBFC2100B7E517 /* LegacyLensLite.app */,
			);
			name = Products;
			sourceTree = "<group>";
		};
		440BACC92BDBFC2100B7E517 /* LegacyLensLite */ = {
			isa = PBXGroup;
			children = (
				448826312BDF427C00B57739 /* sampleVideo.mp4 */,
				440BACE42BDE712500B7E517 /* SceneMyModel.usdz */,
				440BACDB2BDBFDD800B7E517 /* Info.plist */,
				440BACCA2BDBFC2100B7E517 /* LegacyLensLiteApp.swift */,
				440BACCC2BDBFC2100B7E517 /* ContentView.swift */,
				440BACE22BDC010800B7E517 /* Bananas_for_scale_in_Augmented_Reality.usdz */,
				440BACCE2BDBFC2200B7E517 /* Assets.xcassets */,
				440BACD02BDBFC2200B7E517 /* Preview Content */,
				440BACDC2BDBFE5B00B7E517 /* ARViewContainer.swift */,
			);
			path = LegacyLensLite;
			sourceTree = "<group>";
		};
		440BACD02BDBFC2200B7E517 /* Preview Content */ = {
			isa = PBXGroup;
			children = (
				440BACD12BDBFC2200B7E517 /* Preview Assets.xcassets */,
			);
			path = "Preview Content";
			sourceTree = "<group>";
		};
		440BACD82BDBFC9A00B7E517 /* Frameworks */ = {
			isa = PBXGroup;
			children = (
				440BACD92BDBFC9A00B7E517 /* ARKit.framework */,
			);
			name = Frameworks;
			sourceTree = "<group>";
		};
/* End PBXGroup section */

/* Begin PBXNativeTarget section */
		440BACC62BDBFC2100B7E517 /* LegacyLensLite */ = {
			isa = PBXNativeTarget;
			buildConfigurationList = 440BACD52BDBFC2200B7E517 /* Build configuration list for PBXNativeTarget "LegacyLensLite" */;
			buildPhases = (
				440BACC32BDBFC2100B7E517 /* Sources */,
				440BACC42BDBFC2100B7E517 /* Frameworks */,
				440BACC52BDBFC2100B7E517 /* Resources */,
			);
			buildRules = (
			);
			dependencies = (
			);
			name = LegacyLensLite;
			productName = LegacyLensLite;
			productReference = 440BACC72BDBFC2100B7E517 /* LegacyLensLite.app */;
			productType = "com.apple.product-type.application";
		};
/* End PBXNativeTarget section */

/* Begin PBXProject section */
		440BACBF2BDBFC2100B7E517 /* Project object */ = {
			isa = PBXProject;
			attributes = {
				BuildIndependentTargetsInParallel = 1;
				LastSwiftUpdateCheck = 1530;
				LastUpgradeCheck = 1530;
				TargetAttributes = {
					440BACC62BDBFC2100B7E517 = {
						CreatedOnToolsVersion = 15.3;
					};
				};
			};
			buildConfigurationList = 440BACC22BDBFC2100B7E517 /* Build configuration list for PBXProject "LegacyLensLite" */;
			compatibilityVersion = "Xcode 14.0";
			developmentRegion = en;
			hasScannedForEncodings = 0;
			knownRegions = (
				en,
				Base,
			);
			mainGroup = 440BACBE2BDBFC2100B7E517;
			productRefGroup = 440BACC82BDBFC2100B7E517 /* Products */;
			projectDirPath = "";
			projectRoot = "";
			targets = (
				440BACC62BDBFC2100B7E517 /* LegacyLensLite */,
			);
		};
/* End PBXProject section */

/* Begin PBXResourcesBuildPhase section */
		440BACC52BDBFC2100B7E517 /* Resources */ = {
			isa = PBXResourcesBuildPhase;
			buildActionMask = 2147483647;
			files = (
				440BACD22BDBFC2200B7E517 /* Preview Assets.xcassets in Resources */,
				440BACCF2BDBFC2200B7E517 /* Assets.xcassets in Resources */,
				440BACE52BDE712500B7E517 /* SceneMyModel.usdz in Resources */,
				440BACE32BDC010800B7E517 /* Bananas_for_scale_in_Augmented_Reality.usdz in Resources */,
			);
			runOnlyForDeploymentPostprocessing = 0;
		};
/* End PBXResourcesBuildPhase section */

/* Begin PBXSourcesBuildPhase section */
		440BACC32BDBFC2100B7E517 /* Sources */ = {
			isa = PBXSourcesBuildPhase;
			buildActionMask = 2147483647;
			files = (
				440BACCD2BDBFC2100B7E517 /* ContentView.swift in Sources */,
				440BACCB2BDBFC2100B7E517 /* LegacyLensLiteApp.swift in Sources */,
				440BACDD2BDBFE5B00B7E517 /* ARViewContainer.swift in Sources */,
			);
			runOnlyForDeploymentPostprocessing = 0;
		};
/* End PBXSourcesBuildPhase section */

/* Begin XCBuildConfiguration section */
		440BACD32BDBFC2200B7E517 /* Debug */ = {
			isa = XCBuildConfiguration;
			buildSettings = {
				ALWAYS_SEARCH_USER_PATHS = NO;
				ASSETCATALOG_COMPILER_GENERATE_SWIFT_ASSET_SYMBOL_EXTENSIONS = YES;
				CLANG_ANALYZER_NONNULL = YES;
				CLANG_ANALYZER_NUMBER_OBJECT_CONVERSION = YES_AGGRESSIVE;
				CLANG_CXX_LANGUAGE_STANDARD = "gnu++20";
				CLANG_ENABLE_MODULES = YES;
				CLANG_ENABLE_OBJC_ARC = YES;
				CLANG_ENABLE_OBJC_WEAK = YES;
				CLANG_WARN_BLOCK_CAPTURE_AUTORELEASING = YES;
				CLANG_WARN_BOOL_CONVERSION = YES;
				CLANG_WARN_COMMA = YES;
				CLANG_WARN_CONSTANT_CONVERSION = YES;
				CLANG_WARN_DEPRECATED_OBJC_IMPLEMENTATIONS = YES;
				CLANG_WARN_DIRECT_OBJC_ISA_USAGE = YES_ERROR;
				CLANG_WARN_DOCUMENTATION_COMMENTS = YES;
				CLANG_WARN_EMPTY_BODY = YES;
				CLANG_WARN_ENUM_CONVERSION = YES;
				CLANG_WARN_INFINITE_RECURSION = YES;
				CLANG_WARN_INT_CONVERSION = YES;
				CLANG_WARN_NON_LITERAL_NULL_CONVERSION = YES;
				CLANG_WARN_OBJC_IMPLICIT_RETAIN_SELF = YES;
				CLANG_WARN_OBJC_LITERAL_CONVERSION = YES;
				CLANG_WARN_OBJC_ROOT_CLASS = YES_ERROR;
				CLANG_WARN_QUOTED_INCLUDE_IN_FRAMEWORK_HEADER = YES;
				CLANG_WARN_RANGE_LOOP_ANALYSIS = YES;
				CLANG_WARN_STRICT_PROTOTYPES = YES;
				CLANG_WARN_SUSPICIOUS_MOVE = YES;
				CLANG_WARN_UNGUARDED_AVAILABILITY = YES_AGGRESSIVE;
				CLANG_WARN_UNREACHABLE_CODE = YES;
				CLANG_WARN__DUPLICATE_METHOD_MATCH = YES;
				COPY_PHASE_STRIP = NO;
				DEBUG_INFORMATION_FORMAT = dwarf;
				ENABLE_STRICT_OBJC_MSGSEND = YES;
				ENABLE_TESTABILITY = YES;
				ENABLE_USER_SCRIPT_SANDBOXING = YES;
				GCC_C_LANGUAGE_STANDARD = gnu17;
				GCC_DYNAMIC_NO_PIC = NO;
				GCC_NO_COMMON_BLOCKS = YES;
				GCC_OPTIMIZATION_LEVEL = 0;
				GCC_PREPROCESSOR_DEFINITIONS = (
					"DEBUG=1",
					"$(inherited)",
				);
				GCC_WARN_64_TO_32_BIT_CONVERSION = YES;
				GCC_WARN_ABOUT_RETURN_TYPE = YES_ERROR;
				GCC_WARN_UNDECLARED_SELECTOR = YES;
				GCC_WARN_UNINITIALIZED_AUTOS = YES_AGGRESSIVE;
				GCC_WARN_UNUSED_FUNCTION = YES;
				GCC_WARN_UNUSED_VARIABLE = YES;
				IPHONEOS_DEPLOYMENT_TARGET = 17.4;
				LOCALIZATION_PREFERS_STRING_CATALOGS = YES;
				MTL_ENABLE_DEBUG_INFO = INCLUDE_SOURCE;
				MTL_FAST_MATH = YES;
				ONLY_ACTIVE_ARCH = YES;
				SDKROOT = iphoneos;
				SWIFT_ACTIVE_COMPILATION_CONDITIONS = "DEBUG $(inherited)";
				SWIFT_OPTIMIZATION_LEVEL = "-Onone";
			};
			name = Debug;
		};
		440BACD42BDBFC2200B7E517 /* Release */ = {
			isa = XCBuildConfiguration;
			buildSettings = {
				ALWAYS_SEARCH_USER_PATHS = NO;
				ASSETCATALOG_COMPILER_GENERATE_SWIFT_ASSET_SYMBOL_EXTENSIONS = YES;
				CLANG_ANALYZER_NONNULL = YES;
				CLANG_ANALYZER_NUMBER_OBJECT_CONVERSION = YES_AGGRESSIVE;
				CLANG_CXX_LANGUAGE_STANDARD = "gnu++20";
				CLANG_ENABLE_MODULES = YES;
				CLANG_ENABLE_OBJC_ARC = YES;
				CLANG_ENABLE_OBJC_WEAK = YES;
				CLANG_WARN_BLOCK_CAPTURE_AUTORELEASING = YES;
				CLANG_WARN_BOOL_CONVERSION = YES;
				CLANG_WARN_COMMA = YES;
				CLANG_WARN_CONSTANT_CONVERSION = YES;
				CLANG_WARN_DEPRECATED_OBJC_IMPLEMENTATIONS = YES;
				CLANG_WARN_DIRECT_OBJC_ISA_USAGE = YES_ERROR;
				CLANG_WARN_DOCUMENTATION_COMMENTS = YES;
				CLANG_WARN_EMPTY_BODY = YES;
				CLANG_WARN_ENUM_CONVERSION = YES;
				CLANG_WARN_INFINITE_RECURSION = YES;
				CLANG_WARN_INT_CONVERSION = YES;
				CLANG_WARN_NON_LITERAL_NULL_CONVERSION = YES;
				CLANG_WARN_OBJC_IMPLICIT_RETAIN_SELF = YES;
				CLANG_WARN_OBJC_LITERAL_CONVERSION = YES;
				CLANG_WARN_OBJC_ROOT_CLASS = YES_ERROR;
				CLANG_WARN_QUOTED_INCLUDE_IN_FRAMEWORK_HEADER = YES;
				CLANG_WARN_RANGE_LOOP_ANALYSIS = YES;
				CLANG_WARN_STRICT_PROTOTYPES = YES;
				CLANG_WARN_SUSPICIOUS_MOVE = YES;
				CLANG_WARN_UNGUARDED_AVAILABILITY = YES_AGGRESSIVE;
				CLANG_WARN_UNREACHABLE_CODE = YES;
				CLANG_WARN__DUPLICATE_METHOD_MATCH = YES;
				COPY_PHASE_STRIP = NO;
				DEBUG_INFORMATION_FORMAT = "dwarf-with-dsym";
				ENABLE_NS_ASSERTIONS = NO;
				ENABLE_STRICT_OBJC_MSGSEND = YES;
				ENABLE_USER_SCRIPT_SANDBOXING = YES;
				GCC_C_LANGUAGE_STANDARD = gnu17;
				GCC_NO_COMMON_BLOCKS = YES;
				GCC_WARN_64_TO_32_BIT_CONVERSION = YES;
				GCC_WARN_ABOUT_RETURN_TYPE = YES_ERROR;
				GCC_WARN_UNDECLARED_SELECTOR = YES;
				GCC_WARN_UNINITIALIZED_AUTOS = YES_AGGRESSIVE;
				GCC_WARN_UNUSED_FUNCTION = YES;
				GCC_WARN_UNUSED_VARIABLE = YES;
				IPHONEOS_DEPLOYMENT_TARGET = 17.4;
				LOCALIZATION_PREFERS_STRING_CATALOGS = YES;
				MTL_ENABLE_DEBUG_INFO = NO;
				MTL_FAST_MATH = YES;
				SDKROOT = iphoneos;
				SWIFT_COMPILATION_MODE = wholemodule;
				VALIDATE_PRODUCT = YES;
			};
			name = Release;
		};
		440BACD62BDBFC2200B7E517 /* Debug */ = {
			isa = XCBuildConfiguration;
			buildSettings = {
				ASSETCATALOG_COMPILER_APPICON_NAME = AppIcon;
				ASSETCATALOG_COMPILER_GLOBAL_ACCENT_COLOR_NAME = AccentColor;
				CODE_SIGN_STYLE = Automatic;
				CURRENT_PROJECT_VERSION = 1;
				DEVELOPMENT_ASSET_PATHS = "\"LegacyLensLite/Preview Content\"";
				DEVELOPMENT_TEAM = 87N548UZ24;
				ENABLE_PREVIEWS = YES;
				GENERATE_INFOPLIST_FILE = YES;
				INFOPLIST_FILE = LegacyLensLite/Info.plist;
				INFOPLIST_KEY_NSCameraUsageDescription = "Aplikasi ini membutuhkan akses kamera untuk augmented reality.";
				INFOPLIST_KEY_NSFileProviderDomainUsageDescription = "required to save pictures in photo gallery";
				INFOPLIST_KEY_NSPhotoLibraryAddUsageDescription = "required to save pictures in photo gallery";
				INFOPLIST_KEY_UIApplicationSceneManifest_Generation = YES;
				INFOPLIST_KEY_UIApplicationSupportsIndirectInputEvents = YES;
				INFOPLIST_KEY_UILaunchScreen_Generation = YES;
				INFOPLIST_KEY_UISupportedInterfaceOrientations_iPad = "UIInterfaceOrientationPortrait UIInterfaceOrientationPortraitUpsideDown UIInterfaceOrientationLandscapeLeft UIInterfaceOrientationLandscapeRight";
				INFOPLIST_KEY_UISupportedInterfaceOrientations_iPhone = "UIInterfaceOrientationPortrait UIInterfaceOrientationLandscapeLeft UIInterfaceOrientationLandscapeRight";
				LD_RUNPATH_SEARCH_PATHS = (
					"$(inherited)",
					"@executable_path/Frameworks",
				);
				MARKETING_VERSION = 1.0;
				PRODUCT_BUNDLE_IDENTIFIER = com.ariqsyahalam.LegacyLensLite;
				PRODUCT_NAME = "$(TARGET_NAME)";
				SWIFT_EMIT_LOC_STRINGS = YES;
				SWIFT_VERSION = 5.0;
				TARGETED_DEVICE_FAMILY = "1,2";
			};
			name = Debug;
		};
		440BACD72BDBFC2200B7E517 /* Release */ = {
			isa = XCBuildConfiguration;
			buildSettings = {
				ASSETCATALOG_COMPILER_APPICON_NAME = AppIcon;
				ASSETCATALOG_COMPILER_GLOBAL_ACCENT_COLOR_NAME = AccentColor;
				CODE_SIGN_STYLE = Automatic;
				CURRENT_PROJECT_VERSION = 1;
				DEVELOPMENT_ASSET_PATHS = "\"LegacyLensLite/Preview Content\"";
				DEVELOPMENT_TEAM = 87N548UZ24;
				ENABLE_PREVIEWS = YES;
				GENERATE_INFOPLIST_FILE = YES;
				INFOPLIST_FILE = LegacyLensLite/Info.plist;
				INFOPLIST_KEY_NSCameraUsageDescription = "Aplikasi ini membutuhkan akses kamera untuk augmented reality.";
				INFOPLIST_KEY_NSFileProviderDomainUsageDescription = "required to save pictures in photo gallery";
				INFOPLIST_KEY_NSPhotoLibraryAddUsageDescription = "required to save pictures in photo gallery";
				INFOPLIST_KEY_UIApplicationSceneManifest_Generation = YES;
				INFOPLIST_KEY_UIApplicationSupportsIndirectInputEvents = YES;
				INFOPLIST_KEY_UILaunchScreen_Generation = YES;
				INFOPLIST_KEY_UISupportedInterfaceOrientations_iPad = "UIInterfaceOrientationPortrait UIInterfaceOrientationPortraitUpsideDown UIInterfaceOrientationLandscapeLeft UIInterfaceOrientationLandscapeRight";
				INFOPLIST_KEY_UISupportedInterfaceOrientations_iPhone = "UIInterfaceOrientationPortrait UIInterfaceOrientationLandscapeLeft UIInterfaceOrientationLandscapeRight";
				LD_RUNPATH_SEARCH_PATHS = (
					"$(inherited)",
					"@executable_path/Frameworks",
				);
				MARKETING_VERSION = 1.0;
				PRODUCT_BUNDLE_IDENTIFIER = com.ariqsyahalam.LegacyLensLite;
				PRODUCT_NAME = "$(TARGET_NAME)";
				SWIFT_EMIT_LOC_STRINGS = YES;
				SWIFT_VERSION = 5.0;
				TARGETED_DEVICE_FAMILY = "1,2";
			};
			name = Release;
		};
/* End XCBuildConfiguration section */

/* Begin XCConfigurationList section */
		440BACC22BDBFC2100B7E517 /* Build configuration list for PBXProject "LegacyLensLite" */ = {
			isa = XCConfigurationList;
			buildConfigurations = (
				440BACD32BDBFC2200B7E517 /* Debug */,
				440BACD42BDBFC2200B7E517 /* Release */,
			);
			defaultConfigurationIsVisible = 0;
			defaultConfigurationName = Release;
		};
		440BACD52BDBFC2200B7E517 /* Build configuration list for PBXNativeTarget "LegacyLensLite" */ = {
			isa = XCConfigurationList;
			buildConfigurations = (
				440BACD62BDBFC2200B7E517 /* Debug */,
				440BACD72BDBFC2200B7E517 /* Release */,
			);
			defaultConfigurationIsVisible = 0;
			defaultConfigurationName = Release;
		};
/* End XCConfigurationList section */
	};
	rootObject = 440BACBF2BDBFC2100B7E517 /* Project object */;
}
